
Microsoft Visual Studio Solution File, Format Version 12.00
# Visual Studio 14
VisualStudioVersion = 14.0.23107.0
MinimumVisualStudioVersion = 10.0.40219.1
Project("{FAE04EC0-301F-11D3-BF4B-00C04F79EFBC}") = "Efallai", "Efallai\Efallai.csproj", "{62975AC3-C76F-4B38-BF0F-1ACCA2C6CF13}"
EndProject
Project("{FAE04EC0-301F-11D3-BF4B-00C04F79EFBC}") = "Efallai.Profion", "Efallai.Profion\Efallai.Profion.csproj", "{A8706688-C0E4-4B56-B661-73BC6B46F821}"
EndProject
Global
	GlobalSection(SolutionConfigurationPlatforms) = preSolution
		Debug|Any CPU = Debug|Any CPU
		Release|Any CPU = Release|Any CPU
	EndGlobalSection
	GlobalSection(ProjectConfigurationPlatforms) = postSolution
		{62975AC3-C76F-4B38-BF0F-1ACCA2C6CF13}.Debug|Any CPU.ActiveCfg = Debug|Any CPU
		{62975AC3-C76F-4B38-BF0F-1ACCA2C6CF13}.Debug|Any CPU.Build.0 = Debug|Any CPU
		{62975AC3-C76F-4B38-BF0F-1ACCA2C6CF13}.Release|Any CPU.ActiveCfg = Release|Any CPU
		{62975AC3-C76F-4B38-BF0F-1ACCA2C6CF13}.Release|Any CPU.Build.0 = Release|Any CPU
		{A8706688-C0E4-4B56-B661-73BC6B46F821}.Debug|Any CPU.ActiveCfg = Debug|Any CPU
		{A8706688-C0E4-4B56-B661-73BC6B46F821}.Debug|Any CPU.Build.0 = Debug|Any CPU
		{A8706688-C0E4-4B56-B661-73BC6B46F821}.Release|Any CPU.ActiveCfg = Release|Any CPU
		{A8706688-C0E4-4B56-B661-73BC6B46F821}.Release|Any CPU.Build.0 = Release|Any CPU
	EndGlobalSection
	GlobalSection(SolutionProperties) = preSolution
		HideSolutionNode = FALSE
	EndGlobalSection
EndGlobal
